
Microsoft Visual Studio Solution File, Format Version 12.00
# Visual Studio 15
Project("{FAE04EC0-301F-11D3-BF4B-00C04F79EFBC}") = "Zenject", "Zenject.csproj", "{66164679-3675-603A-79BA-FB874875BA51}"
EndProject
Project("{FAE04EC0-301F-11D3-BF4B-00C04F79EFBC}") = "UniTask", "UniTask.csproj", "{7503AD4C-4F22-0BC9-67DD-D55FFFE4B497}"
EndProject
Project("{FAE04EC0-301F-11D3-BF4B-00C04F79EFBC}") = "UniTask.Linq", "UniTask.Linq.csproj", "{419838AB-CB80-6BB0-3A81-963AA31A8ABB}"
EndProject
Project("{FAE04EC0-301F-11D3-BF4B-00C04F79EFBC}") = "UniRx", "UniRx.csproj", "{50E6450C-2EA7-21F5-AB5E-7D155E99C8D5}"
EndProject
Project("{FAE04EC0-301F-11D3-BF4B-00C04F79EFBC}") = "Assembly-CSharp", "Assembly-CSharp.csproj", "{C87308A2-537D-5CF4-D57F-0B15DA7F7CBA}"
EndProject
Project("{FAE04EC0-301F-11D3-BF4B-00C04F79EFBC}") = "Zenject-IntegrationTests", "Zenject-IntegrationTests.csproj", "{7D8900C7-B9BE-EA84-D394-B19E1810539E}"
EndProject
Project("{FAE04EC0-301F-11D3-BF4B-00C04F79EFBC}") = "Zenject-IntegrationTests-Editor", "Zenject-IntegrationTests-Editor.csproj", "{9171CF75-27F2-01FB-2BA5-04FEE9E1E431}"
EndProject
Project("{FAE04EC0-301F-11D3-BF4B-00C04F79EFBC}") = "UniTask.DOTween", "UniTask.DOTween.csproj", "{7C7FC608-F210-D4B7-D3D7-4DF07F7F101A}"
EndProject
Project("{FAE04EC0-301F-11D3-BF4B-00C04F79EFBC}") = "UniTask.Addressables", "UniTask.Addressables.csproj", "{A1993031-1CBC-A86E-DE5E-DE560B2A494E}"
EndProject
Project("{FAE04EC0-301F-11D3-BF4B-00C04F79EFBC}") = "UniTask.TextMeshPro", "UniTask.TextMeshPro.csproj", "{64ADF35F-533D-981C-954C-FB50CE911460}"
EndProject
Project("{FAE04EC0-301F-11D3-BF4B-00C04F79EFBC}") = "Zenject-PoolMonitor-Editor", "Zenject-PoolMonitor-Editor.csproj", "{227F5C06-A181-4FFB-60D4-8FF9DE1CF427}"
EndProject
Project("{FAE04EC0-301F-11D3-BF4B-00C04F79EFBC}") = "Zenject-UnitTests-Editor", "Zenject-UnitTests-Editor.csproj", "{99FEF0DA-6022-52E1-D7BD-99A72C6BB351}"
EndProject
Project("{FAE04EC0-301F-11D3-BF4B-00C04F79EFBC}") = "Zenject-TestFramework", "Zenject-TestFramework.csproj", "{1C9999F2-D6BD-05F9-5DCB-04254E66BCB4}"
EndProject
Project("{FAE04EC0-301F-11D3-BF4B-00C04F79EFBC}") = "UniTask.Editor", "UniTask.Editor.csproj", "{A24779ED-A64C-4A08-9007-38A0E5C9CE30}"
EndProject
Project("{FAE04EC0-301F-11D3-BF4B-00C04F79EFBC}") = "Zenject-ReflectionBaking-Editor", "Zenject-ReflectionBaking-Editor.csproj", "{15FDED6F-1F65-B243-43A0-FECB5E3B73E9}"
EndProject
Project("{FAE04EC0-301F-11D3-BF4B-00C04F79EFBC}") = "Zenject-Editor", "Zenject-Editor.csproj", "{CC09F122-D033-8926-72D8-6249EC74B461}"
EndProject
Project("{FAE04EC0-301F-11D3-BF4B-00C04F79EFBC}") = "Assembly-CSharp-Editor", "Assembly-CSharp-Editor.csproj", "{354C7FA4-2427-491A-0E8D-9141F07414FA}"
EndProject
Global
	GlobalSection(SolutionConfigurationPlatforms) = preSolution
		Debug|Any CPU = Debug|Any CPU
		Release|Any CPU = Release|Any CPU
	EndGlobalSection
	GlobalSection(ProjectConfigurationPlatforms) = postSolution
		{66164679-3675-603A-79BA-FB874875BA51}.Debug|Any CPU.ActiveCfg = Debug|Any CPU
		{66164679-3675-603A-79BA-FB874875BA51}.Debug|Any CPU.Build.0 = Debug|Any CPU
		{66164679-3675-603A-79BA-FB874875BA51}.Release|Any CPU.ActiveCfg = Release|Any CPU
		{66164679-3675-603A-79BA-FB874875BA51}.Release|Any CPU.Build.0 = Release|Any CPU
		{7503AD4C-4F22-0BC9-67DD-D55FFFE4B497}.Debug|Any CPU.ActiveCfg = Debug|Any CPU
		{7503AD4C-4F22-0BC9-67DD-D55FFFE4B497}.Debug|Any CPU.Build.0 = Debug|Any CPU
		{7503AD4C-4F22-0BC9-67DD-D55FFFE4B497}.Release|Any CPU.ActiveCfg = Release|Any CPU
		{7503AD4C-4F22-0BC9-67DD-D55FFFE4B497}.Release|Any CPU.Build.0 = Release|Any CPU
		{419838AB-CB80-6BB0-3A81-963AA31A8ABB}.Debug|Any CPU.ActiveCfg = Debug|Any CPU
		{419838AB-CB80-6BB0-3A81-963AA31A8ABB}.Debug|Any CPU.Build.0 = Debug|Any CPU
		{419838AB-CB80-6BB0-3A81-963AA31A8ABB}.Release|Any CPU.ActiveCfg = Release|Any CPU
		{419838AB-CB80-6BB0-3A81-963AA31A8ABB}.Release|Any CPU.Build.0 = Release|Any CPU
		{50E6450C-2EA7-21F5-AB5E-7D155E99C8D5}.Debug|Any CPU.ActiveCfg = Debug|Any CPU
		{50E6450C-2EA7-21F5-AB5E-7D155E99C8D5}.Debug|Any CPU.Build.0 = Debug|Any CPU
		{50E6450C-2EA7-21F5-AB5E-7D155E99C8D5}.Release|Any CPU.ActiveCfg = Release|Any CPU
		{50E6450C-2EA7-21F5-AB5E-7D155E99C8D5}.Release|Any CPU.Build.0 = Release|Any CPU
		{C87308A2-537D-5CF4-D57F-0B15DA7F7CBA}.Debug|Any CPU.ActiveCfg = Debug|Any CPU
		{C87308A2-537D-5CF4-D57F-0B15DA7F7CBA}.Debug|Any CPU.Build.0 = Debug|Any CPU
		{C87308A2-537D-5CF4-D57F-0B15DA7F7CBA}.Release|Any CPU.ActiveCfg = Release|Any CPU
		{C87308A2-537D-5CF4-D57F-0B15DA7F7CBA}.Release|Any CPU.Build.0 = Release|Any CPU
		{7D8900C7-B9BE-EA84-D394-B19E1810539E}.Debug|Any CPU.ActiveCfg = Debug|Any CPU
		{7D8900C7-B9BE-EA84-D394-B19E1810539E}.Debug|Any CPU.Build.0 = Debug|Any CPU
		{7D8900C7-B9BE-EA84-D394-B19E1810539E}.Release|Any CPU.ActiveCfg = Release|Any CPU
		{7D8900C7-B9BE-EA84-D394-B19E1810539E}.Release|Any CPU.Build.0 = Release|Any CPU
		{9171CF75-27F2-01FB-2BA5-04FEE9E1E431}.Debug|Any CPU.ActiveCfg = Debug|Any CPU
		{9171CF75-27F2-01FB-2BA5-04FEE9E1E431}.Debug|Any CPU.Build.0 = Debug|Any CPU
		{9171CF75-27F2-01FB-2BA5-04FEE9E1E431}.Release|Any CPU.ActiveCfg = Release|Any CPU
		{9171CF75-27F2-01FB-2BA5-04FEE9E1E431}.Release|Any CPU.Build.0 = Release|Any CPU
		{7C7FC608-F210-D4B7-D3D7-4DF07F7F101A}.Debug|Any CPU.ActiveCfg = Debug|Any CPU
		{7C7FC608-F210-D4B7-D3D7-4DF07F7F101A}.Debug|Any CPU.Build.0 = Debug|Any CPU
		{7C7FC608-F210-D4B7-D3D7-4DF07F7F101A}.Release|Any CPU.ActiveCfg = Release|Any CPU
		{7C7FC608-F210-D4B7-D3D7-4DF07F7F101A}.Release|Any CPU.Build.0 = Release|Any CPU
		{A1993031-1CBC-A86E-DE5E-DE560B2A494E}.Debug|Any CPU.ActiveCfg = Debug|Any CPU
		{A1993031-1CBC-A86E-DE5E-DE560B2A494E}.Debug|Any CPU.Build.0 = Debug|Any CPU
		{A1993031-1CBC-A86E-DE5E-DE560B2A494E}.Release|Any CPU.ActiveCfg = Release|Any CPU
		{A1993031-1CBC-A86E-DE5E-DE560B2A494E}.Release|Any CPU.Build.0 = Release|Any CPU
		{64ADF35F-533D-981C-954C-FB50CE911460}.Debug|Any CPU.ActiveCfg = Debug|Any CPU
		{64ADF35F-533D-981C-954C-FB50CE911460}.Debug|Any CPU.Build.0 = Debug|Any CPU
		{64ADF35F-533D-981C-954C-FB50CE911460}.Release|Any CPU.ActiveCfg = Release|Any CPU
		{64ADF35F-533D-981C-954C-FB50CE911460}.Release|Any CPU.Build.0 = Release|Any CPU
		{227F5C06-A181-4FFB-60D4-8FF9DE1CF427}.Debug|Any CPU.ActiveCfg = Debug|Any CPU
		{227F5C06-A181-4FFB-60D4-8FF9DE1CF427}.Debug|Any CPU.Build.0 = Debug|Any CPU
		{227F5C06-A181-4FFB-60D4-8FF9DE1CF427}.Release|Any CPU.ActiveCfg = Release|Any CPU
		{227F5C06-A181-4FFB-60D4-8FF9DE1CF427}.Release|Any CPU.Build.0 = Release|Any CPU
		{99FEF0DA-6022-52E1-D7BD-99A72C6BB351}.Debug|Any CPU.ActiveCfg = Debug|Any CPU
		{99FEF0DA-6022-52E1-D7BD-99A72C6BB351}.Debug|Any CPU.Build.0 = Debug|Any CPU
		{99FEF0DA-6022-52E1-D7BD-99A72C6BB351}.Release|Any CPU.ActiveCfg = Release|Any CPU
		{99FEF0DA-6022-52E1-D7BD-99A72C6BB351}.Release|Any CPU.Build.0 = Release|Any CPU
		{1C9999F2-D6BD-05F9-5DCB-04254E66BCB4}.Debug|Any CPU.ActiveCfg = Debug|Any CPU
		{1C9999F2-D6BD-05F9-5DCB-04254E66BCB4}.Debug|Any CPU.Build.0 = Debug|Any CPU
		{1C9999F2-D6BD-05F9-5DCB-04254E66BCB4}.Release|Any CPU.ActiveCfg = Release|Any CPU
		{1C9999F2-D6BD-05F9-5DCB-04254E66BCB4}.Release|Any CPU.Build.0 = Release|Any CPU
		{A24779ED-A64C-4A08-9007-38A0E5C9CE30}.Debug|Any CPU.ActiveCfg = Debug|Any CPU
		{A24779ED-A64C-4A08-9007-38A0E5C9CE30}.Debug|Any CPU.Build.0 = Debug|Any CPU
		{A24779ED-A64C-4A08-9007-38A0E5C9CE30}.Release|Any CPU.ActiveCfg = Release|Any CPU
		{A24779ED-A64C-4A08-9007-38A0E5C9CE30}.Release|Any CPU.Build.0 = Release|Any CPU
		{15FDED6F-1F65-B243-43A0-FECB5E3B73E9}.Debug|Any CPU.ActiveCfg = Debug|Any CPU
		{15FDED6F-1F65-B243-43A0-FECB5E3B73E9}.Debug|Any CPU.Build.0 = Debug|Any CPU
		{15FDED6F-1F65-B243-43A0-FECB5E3B73E9}.Release|Any CPU.ActiveCfg = Release|Any CPU
		{15FDED6F-1F65-B243-43A0-FECB5E3B73E9}.Release|Any CPU.Build.0 = Release|Any CPU
		{CC09F122-D033-8926-72D8-6249EC74B461}.Debug|Any CPU.ActiveCfg = Debug|Any CPU
		{CC09F122-D033-8926-72D8-6249EC74B461}.Debug|Any CPU.Build.0 = Debug|Any CPU
		{CC09F122-D033-8926-72D8-6249EC74B461}.Release|Any CPU.ActiveCfg = Release|Any CPU
		{CC09F122-D033-8926-72D8-6249EC74B461}.Release|Any CPU.Build.0 = Release|Any CPU
		{354C7FA4-2427-491A-0E8D-9141F07414FA}.Debug|Any CPU.ActiveCfg = Debug|Any CPU
		{354C7FA4-2427-491A-0E8D-9141F07414FA}.Debug|Any CPU.Build.0 = Debug|Any CPU
		{354C7FA4-2427-491A-0E8D-9141F07414FA}.Release|Any CPU.ActiveCfg = Release|Any CPU
		{354C7FA4-2427-491A-0E8D-9141F07414FA}.Release|Any CPU.Build.0 = Release|Any CPU
	EndGlobalSection
	GlobalSection(SolutionProperties) = preSolution
		HideSolutionNode = FALSE
	EndGlobalSection
EndGlobal
